
Microsoft Visual Studio Solution File, Format Version 12.00
Project("{2150E333-8FDC-42A3-9474-1A3956D46DE8}") = "services", "services", "{0BA596CA-CE7C-4F1E-BE5B-69187DD8BE5E}"
EndProject
Project("{2150E333-8FDC-42A3-9474-1A3956D46DE8}") = "Gateway", "Gateway", "{48470B03-E260-403B-B49C-E262267AF13E}"
EndProject
Project("{2150E333-8FDC-42A3-9474-1A3956D46DE8}") = "PageDownloader", "PageDownloader", "{6BFF40AD-C6B2-4560-AA36-2F3DBC7E48B9}"
EndProject
Project("{2150E333-8FDC-42A3-9474-1A3956D46DE8}") = "Shared", "Shared", "{CA6491E6-1348-460E-8F0B-BF13713DF39E}"
EndProject
Project("{2150E333-8FDC-42A3-9474-1A3956D46DE8}") = "TagExtractor", "TagExtractor", "{75B43EF1-EB66-4890-A17A-C3BBAE500E32}"
EndProject
Project("{2150E333-8FDC-42A3-9474-1A3956D46DE8}") = "UrlExtractor", "UrlExtractor", "{C434F085-C115-431A-BCE3-C3B224E2A5BF}"
EndProject
Project("{2150E333-8FDC-42A3-9474-1A3956D46DE8}") = "UrlRegister", "UrlRegister", "{90BFFA74-0F22-485F-A29B-44EAB9938ADF}"
EndProject
Project("{FAE04EC0-301F-11D3-BF4B-00C04F79EFBC}") = "UrlRegister.Infrastructure", "services\UrlRegister\UrlRegister.Infrastructure\UrlRegister.Infrastructure.csproj", "{6B1EA84D-B3A5-4E24-A12A-E7A545657BFB}"
EndProject
Project("{FAE04EC0-301F-11D3-BF4B-00C04F79EFBC}") = "UrlRegister.WebAPI", "services\UrlRegister\UrlRegister.WebAPI\UrlRegister.WebAPI.csproj", "{47D41D31-D41E-469B-9702-9C025259E92A}"
EndProject
Project("{FAE04EC0-301F-11D3-BF4B-00C04F79EFBC}") = "Shared", "services\Shared\Shared\Shared.csproj", "{D9BE52AA-DD0B-4966-95E2-46E6783F70AD}"
EndProject
Project("{FAE04EC0-301F-11D3-BF4B-00C04F79EFBC}") = "UrlExtractor.Infrastructure", "services\UrlExtractor\UrlExtractor.Infrastructure\UrlExtractor.Infrastructure.csproj", "{2B1E364F-76F4-4F5A-9830-E99C1FBEA658}"
EndProject
Project("{FAE04EC0-301F-11D3-BF4B-00C04F79EFBC}") = "TagExtractor.Infrastructure", "services\TagExtractor\TagExtractor.Infrastructure\TagExtractor.Infrastructure.csproj", "{C09F7235-5785-4254-84FC-18855FFEF81A}"
EndProject
Project("{FAE04EC0-301F-11D3-BF4B-00C04F79EFBC}") = "TagExtractor.Worker", "services\TagExtractor\TagExtractor.Worker\TagExtractor.Worker.csproj", "{4C63239C-74A0-4883-BE37-281BFABFCA58}"
EndProject
Project("{2150E333-8FDC-42A3-9474-1A3956D46DE8}") = "SearchHub", "SearchHub", "{8FE6B7D9-B894-4F0F-93A9-79EAF6C0E1AD}"
EndProject
Project("{FAE04EC0-301F-11D3-BF4B-00C04F79EFBC}") = "SearchHub.Infrastructure", "services\SearchHub\SearchHub.Infrastructure\SearchHub.Infrastructure.csproj", "{56DED132-D58C-440A-AA4D-DAF46A96C12B}"
EndProject
Project("{FAE04EC0-301F-11D3-BF4B-00C04F79EFBC}") = "SearchHub.WebAPI", "services\SearchHub\SearchHub.WebAPI\SearchHub.WebAPI.csproj", "{E4DD95C5-30DA-4B6C-819E-C389CC07AC28}"
EndProject
Project("{FAE04EC0-301F-11D3-BF4B-00C04F79EFBC}") = "PageDownloader.Infrastructure", "services\PageDownloader\PageDownloader.Infrastructure\PageDownloader.Infrastructure.csproj", "{F76BCE61-9FC7-4EB3-9846-B1E194C7A128}"
EndProject
Project("{FAE04EC0-301F-11D3-BF4B-00C04F79EFBC}") = "PageDownloader.Worker", "services\PageDownloader\PageDownloader.Worker\PageDownloader.Worker.csproj", "{62932B54-5878-4764-ADED-0ED729BC06EC}"
EndProject
Project("{FAE04EC0-301F-11D3-BF4B-00C04F79EFBC}") = "Gateway.WebAPI", "services\Gateway\Gateway.WebAPI\Gateway.WebAPI.csproj", "{7DD2D86B-B4B1-4FB7-B212-A595E70D0AEA}"
EndProject
Project("{2150E333-8FDC-42A3-9474-1A3956D46DE8}") = "Solution Items", "Solution Items", "{4592E563-AF77-4373-9CED-3C82A6CAF37B}"
	ProjectSection(SolutionItems) = preProject
		docker-compose.yml = docker-compose.yml
	EndProjectSection
EndProject
Project("{FAE04EC0-301F-11D3-BF4B-00C04F79EFBC}") = "UrlExtractor.Worker", "services\UrlExtractor\UrlExtractor.Worker\UrlExtractor.Worker.csproj", "{2875F5FB-316F-4E58-A3D3-B07ED2553E3F}"
EndProject
Global
	GlobalSection(SolutionConfigurationPlatforms) = preSolution
		Debug|Any CPU = Debug|Any CPU
		Release|Any CPU = Release|Any CPU
	EndGlobalSection
	GlobalSection(NestedProjects) = preSolution
		{48470B03-E260-403B-B49C-E262267AF13E} = {0BA596CA-CE7C-4F1E-BE5B-69187DD8BE5E}
		{6BFF40AD-C6B2-4560-AA36-2F3DBC7E48B9} = {0BA596CA-CE7C-4F1E-BE5B-69187DD8BE5E}
		{CA6491E6-1348-460E-8F0B-BF13713DF39E} = {0BA596CA-CE7C-4F1E-BE5B-69187DD8BE5E}
		{75B43EF1-EB66-4890-A17A-C3BBAE500E32} = {0BA596CA-CE7C-4F1E-BE5B-69187DD8BE5E}
		{C434F085-C115-431A-BCE3-C3B224E2A5BF} = {0BA596CA-CE7C-4F1E-BE5B-69187DD8BE5E}
		{90BFFA74-0F22-485F-A29B-44EAB9938ADF} = {0BA596CA-CE7C-4F1E-BE5B-69187DD8BE5E}
		{6B1EA84D-B3A5-4E24-A12A-E7A545657BFB} = {90BFFA74-0F22-485F-A29B-44EAB9938ADF}
		{47D41D31-D41E-469B-9702-9C025259E92A} = {90BFFA74-0F22-485F-A29B-44EAB9938ADF}
		{D9BE52AA-DD0B-4966-95E2-46E6783F70AD} = {CA6491E6-1348-460E-8F0B-BF13713DF39E}
		{2B1E364F-76F4-4F5A-9830-E99C1FBEA658} = {C434F085-C115-431A-BCE3-C3B224E2A5BF}
		{C09F7235-5785-4254-84FC-18855FFEF81A} = {75B43EF1-EB66-4890-A17A-C3BBAE500E32}
		{4C63239C-74A0-4883-BE37-281BFABFCA58} = {75B43EF1-EB66-4890-A17A-C3BBAE500E32}
		{8FE6B7D9-B894-4F0F-93A9-79EAF6C0E1AD} = {0BA596CA-CE7C-4F1E-BE5B-69187DD8BE5E}
		{56DED132-D58C-440A-AA4D-DAF46A96C12B} = {8FE6B7D9-B894-4F0F-93A9-79EAF6C0E1AD}
		{E4DD95C5-30DA-4B6C-819E-C389CC07AC28} = {8FE6B7D9-B894-4F0F-93A9-79EAF6C0E1AD}
		{F76BCE61-9FC7-4EB3-9846-B1E194C7A128} = {6BFF40AD-C6B2-4560-AA36-2F3DBC7E48B9}
		{62932B54-5878-4764-ADED-0ED729BC06EC} = {6BFF40AD-C6B2-4560-AA36-2F3DBC7E48B9}
		{7DD2D86B-B4B1-4FB7-B212-A595E70D0AEA} = {48470B03-E260-403B-B49C-E262267AF13E}
		{2875F5FB-316F-4E58-A3D3-B07ED2553E3F} = {C434F085-C115-431A-BCE3-C3B224E2A5BF}
	EndGlobalSection
	GlobalSection(ProjectConfigurationPlatforms) = postSolution
		{6B1EA84D-B3A5-4E24-A12A-E7A545657BFB}.Debug|Any CPU.ActiveCfg = Debug|Any CPU
		{6B1EA84D-B3A5-4E24-A12A-E7A545657BFB}.Debug|Any CPU.Build.0 = Debug|Any CPU
		{6B1EA84D-B3A5-4E24-A12A-E7A545657BFB}.Release|Any CPU.ActiveCfg = Release|Any CPU
		{6B1EA84D-B3A5-4E24-A12A-E7A545657BFB}.Release|Any CPU.Build.0 = Release|Any CPU
		{47D41D31-D41E-469B-9702-9C025259E92A}.Debug|Any CPU.ActiveCfg = Debug|Any CPU
		{47D41D31-D41E-469B-9702-9C025259E92A}.Debug|Any CPU.Build.0 = Debug|Any CPU
		{47D41D31-D41E-469B-9702-9C025259E92A}.Release|Any CPU.ActiveCfg = Release|Any CPU
		{47D41D31-D41E-469B-9702-9C025259E92A}.Release|Any CPU.Build.0 = Release|Any CPU
		{D9BE52AA-DD0B-4966-95E2-46E6783F70AD}.Debug|Any CPU.ActiveCfg = Debug|Any CPU
		{D9BE52AA-DD0B-4966-95E2-46E6783F70AD}.Debug|Any CPU.Build.0 = Debug|Any CPU
		{D9BE52AA-DD0B-4966-95E2-46E6783F70AD}.Release|Any CPU.ActiveCfg = Release|Any CPU
		{D9BE52AA-DD0B-4966-95E2-46E6783F70AD}.Release|Any CPU.Build.0 = Release|Any CPU
		{2B1E364F-76F4-4F5A-9830-E99C1FBEA658}.Debug|Any CPU.ActiveCfg = Debug|Any CPU
		{2B1E364F-76F4-4F5A-9830-E99C1FBEA658}.Debug|Any CPU.Build.0 = Debug|Any CPU
		{2B1E364F-76F4-4F5A-9830-E99C1FBEA658}.Release|Any CPU.ActiveCfg = Release|Any CPU
		{2B1E364F-76F4-4F5A-9830-E99C1FBEA658}.Release|Any CPU.Build.0 = Release|Any CPU
		{C09F7235-5785-4254-84FC-18855FFEF81A}.Debug|Any CPU.ActiveCfg = Debug|Any CPU
		{C09F7235-5785-4254-84FC-18855FFEF81A}.Debug|Any CPU.Build.0 = Debug|Any CPU
		{C09F7235-5785-4254-84FC-18855FFEF81A}.Release|Any CPU.ActiveCfg = Release|Any CPU
		{C09F7235-5785-4254-84FC-18855FFEF81A}.Release|Any CPU.Build.0 = Release|Any CPU
		{4C63239C-74A0-4883-BE37-281BFABFCA58}.Debug|Any CPU.ActiveCfg = Debug|Any CPU
		{4C63239C-74A0-4883-BE37-281BFABFCA58}.Debug|Any CPU.Build.0 = Debug|Any CPU
		{4C63239C-74A0-4883-BE37-281BFABFCA58}.Release|Any CPU.ActiveCfg = Release|Any CPU
		{4C63239C-74A0-4883-BE37-281BFABFCA58}.Release|Any CPU.Build.0 = Release|Any CPU
		{56DED132-D58C-440A-AA4D-DAF46A96C12B}.Debug|Any CPU.ActiveCfg = Debug|Any CPU
		{56DED132-D58C-440A-AA4D-DAF46A96C12B}.Debug|Any CPU.Build.0 = Debug|Any CPU
		{56DED132-D58C-440A-AA4D-DAF46A96C12B}.Release|Any CPU.ActiveCfg = Release|Any CPU
		{56DED132-D58C-440A-AA4D-DAF46A96C12B}.Release|Any CPU.Build.0 = Release|Any CPU
		{E4DD95C5-30DA-4B6C-819E-C389CC07AC28}.Debug|Any CPU.ActiveCfg = Debug|Any CPU
		{E4DD95C5-30DA-4B6C-819E-C389CC07AC28}.Debug|Any CPU.Build.0 = Debug|Any CPU
		{E4DD95C5-30DA-4B6C-819E-C389CC07AC28}.Release|Any CPU.ActiveCfg = Release|Any CPU
		{E4DD95C5-30DA-4B6C-819E-C389CC07AC28}.Release|Any CPU.Build.0 = Release|Any CPU
		{F76BCE61-9FC7-4EB3-9846-B1E194C7A128}.Debug|Any CPU.ActiveCfg = Debug|Any CPU
		{F76BCE61-9FC7-4EB3-9846-B1E194C7A128}.Debug|Any CPU.Build.0 = Debug|Any CPU
		{F76BCE61-9FC7-4EB3-9846-B1E194C7A128}.Release|Any CPU.ActiveCfg = Release|Any CPU
		{F76BCE61-9FC7-4EB3-9846-B1E194C7A128}.Release|Any CPU.Build.0 = Release|Any CPU
		{62932B54-5878-4764-ADED-0ED729BC06EC}.Debug|Any CPU.ActiveCfg = Debug|Any CPU
		{62932B54-5878-4764-ADED-0ED729BC06EC}.Debug|Any CPU.Build.0 = Debug|Any CPU
		{62932B54-5878-4764-ADED-0ED729BC06EC}.Release|Any CPU.ActiveCfg = Release|Any CPU
		{62932B54-5878-4764-ADED-0ED729BC06EC}.Release|Any CPU.Build.0 = Release|Any CPU
		{7DD2D86B-B4B1-4FB7-B212-A595E70D0AEA}.Debug|Any CPU.ActiveCfg = Debug|Any CPU
		{7DD2D86B-B4B1-4FB7-B212-A595E70D0AEA}.Debug|Any CPU.Build.0 = Debug|Any CPU
		{7DD2D86B-B4B1-4FB7-B212-A595E70D0AEA}.Release|Any CPU.ActiveCfg = Release|Any CPU
		{7DD2D86B-B4B1-4FB7-B212-A595E70D0AEA}.Release|Any CPU.Build.0 = Release|Any CPU
		{2875F5FB-316F-4E58-A3D3-B07ED2553E3F}.Debug|Any CPU.ActiveCfg = Debug|Any CPU
		{2875F5FB-316F-4E58-A3D3-B07ED2553E3F}.Debug|Any CPU.Build.0 = Debug|Any CPU
		{2875F5FB-316F-4E58-A3D3-B07ED2553E3F}.Release|Any CPU.ActiveCfg = Release|Any CPU
		{2875F5FB-316F-4E58-A3D3-B07ED2553E3F}.Release|Any CPU.Build.0 = Release|Any CPU
	EndGlobalSection
EndGlobal
